// !$*UTF8*$!
{
	archiveVersion = 1;
	classes = {
	};
	objectVersion = 46;
	objects = {

/* Begin PBXBuildFile section */
		9D9A6F941B1E2ADB001F1CCA /* Operations.swift in Sources */ = {isa = PBXBuildFile; fileRef = 9D9A6F931B1E2ADB001F1CCA /* Operations.swift */; };
		9DC4D7FD1B17D137007BDD94 /* AppDelegate.swift in Sources */ = {isa = PBXBuildFile; fileRef = 9DC4D7FC1B17D137007BDD94 /* AppDelegate.swift */; };
		9DC4D7FF1B17D137007BDD94 /* ViewController.swift in Sources */ = {isa = PBXBuildFile; fileRef = 9DC4D7FE1B17D137007BDD94 /* ViewController.swift */; };
		9DC4D8021B17D137007BDD94 /* Main.storyboard in Resources */ = {isa = PBXBuildFile; fileRef = 9DC4D8001B17D137007BDD94 /* Main.storyboard */; };
		9DC4D8041B17D137007BDD94 /* Images.xcassets in Resources */ = {isa = PBXBuildFile; fileRef = 9DC4D8031B17D137007BDD94 /* Images.xcassets */; };
		9DC4D8071B17D137007BDD94 /* LaunchScreen.xib in Resources */ = {isa = PBXBuildFile; fileRef = 9DC4D8051B17D137007BDD94 /* LaunchScreen.xib */; };
		9DC4D8131B17D137007BDD94 /* MidTermCalculatorTests.swift in Sources */ = {isa = PBXBuildFile; fileRef = 9DC4D8121B17D137007BDD94 /* MidTermCalculatorTests.swift */; };
/* End PBXBuildFile section */

/* Begin PBXContainerItemProxy section */
		9DC4D80D1B17D137007BDD94 /* PBXContainerItemProxy */ = {
			isa = PBXContainerItemProxy;
			containerPortal = 9DC4D7EF1B17D137007BDD94 /* Project object */;
			proxyType = 1;
			remoteGlobalIDString = 9DC4D7F61B17D137007BDD94;
			remoteInfo = MidTermCalculator;
		};
/* End PBXContainerItemProxy section */

/* Begin PBXFileReference section */
		9D9A6F931B1E2ADB001F1CCA /* Operations.swift */ = {isa = PBXFileReference; fileEncoding = 4; lastKnownFileType = sourcecode.swift; path = Operations.swift; sourceTree = "<group>"; };
		9DC4D7F71B17D137007BDD94 /* MidTermCalculator.app */ = {isa = PBXFileReference; explicitFileType = wrapper.application; includeInIndex = 0; path = MidTermCalculator.app; sourceTree = BUILT_PRODUCTS_DIR; };
		9DC4D7FB1B17D137007BDD94 /* Info.plist */ = {isa = PBXFileReference; lastKnownFileType = text.plist.xml; path = Info.plist; sourceTree = "<group>"; };
		9DC4D7FC1B17D137007BDD94 /* AppDelegate.swift */ = {isa = PBXFileReference; lastKnownFileType = sourcecode.swift; path = AppDelegate.swift; sourceTree = "<group>"; };
		9DC4D7FE1B17D137007BDD94 /* ViewController.swift */ = {isa = PBXFileReference; lastKnownFileType = sourcecode.swift; path = ViewController.swift; sourceTree = "<group>"; };
		9DC4D8011B17D137007BDD94 /* Base */ = {isa = PBXFileReference; lastKnownFileType = file.storyboard; name = Base; path = Base.lproj/Main.storyboard; sourceTree = "<group>"; };
		9DC4D8031B17D137007BDD94 /* Images.xcassets */ = {isa = PBXFileReference; lastKnownFileType = folder.assetcatalog; path = Images.xcassets; sourceTree = "<group>"; };
		9DC4D8061B17D137007BDD94 /* Base */ = {isa = PBXFileReference; lastKnownFileType = file.xib; name = Base; path = Base.lproj/LaunchScreen.xib; sourceTree = "<group>"; };
		9DC4D80C1B17D137007BDD94 /* MidTermCalculatorTests.xctest */ = {isa = PBXFileReference; explicitFileType = wrapper.cfbundle; includeInIndex = 0; path = MidTermCalculatorTests.xctest; sourceTree = BUILT_PRODUCTS_DIR; };
		9DC4D8111B17D137007BDD94 /* Info.plist */ = {isa = PBXFileReference; lastKnownFileType = text.plist.xml; path = Info.plist; sourceTree = "<group>"; };
		9DC4D8121B17D137007BDD94 /* MidTermCalculatorTests.swift */ = {isa = PBXFileReference; lastKnownFileType = sourcecode.swift; path = MidTermCalculatorTests.swift; sourceTree = "<group>"; };
/* End PBXFileReference section */

/* Begin PBXFrameworksBuildPhase section */
		9DC4D7F41B17D137007BDD94 /* Frameworks */ = {
			isa = PBXFrameworksBuildPhase;
			buildActionMask = 2147483647;
			files = (
			);
			runOnlyForDeploymentPostprocessing = 0;
		};
		9DC4D8091B17D137007BDD94 /* Frameworks */ = {
			isa = PBXFrameworksBuildPhase;
			buildActionMask = 2147483647;
			files = (
			);
			runOnlyForDeploymentPostprocessing = 0;
		};
/* End PBXFrameworksBuildPhase section */

/* Begin PBXGroup section */
		9DC4D7EE1B17D137007BDD94 = {
			isa = PBXGroup;
			children = (
				9DC4D7F91B17D137007BDD94 /* MidTermCalculator */,
				9DC4D80F1B17D137007BDD94 /* MidTermCalculatorTests */,
				9DC4D7F81B17D137007BDD94 /* Products */,
			);
			sourceTree = "<group>";
		};
		9DC4D7F81B17D137007BDD94 /* Products */ = {
			isa = PBXGroup;
			children = (
				9DC4D7F71B17D137007BDD94 /* MidTermCalculator.app */,
				9DC4D80C1B17D137007BDD94 /* MidTermCalculatorTests.xctest */,
			);
			name = Products;
			sourceTree = "<group>";
		};
		9DC4D7F91B17D137007BDD94 /* MidTermCalculator */ = {
			isa = PBXGroup;
			children = (
				9DC4D7FC1B17D137007BDD94 /* AppDelegate.swift */,
				9DC4D7FE1B17D137007BDD94 /* ViewController.swift */,
				9DC4D8001B17D137007BDD94 /* Main.storyboard */,
				9DC4D8031B17D137007BDD94 /* Images.xcassets */,
				9DC4D8051B17D137007BDD94 /* LaunchScreen.xib */,
				9DC4D7FA1B17D137007BDD94 /* Supporting Files */,
			);
			path = MidTermCalculator;
			sourceTree = "<group>";
		};
		9DC4D7FA1B17D137007BDD94 /* Supporting Files */ = {
			isa = PBXGroup;
			children = (
				9D9A6F931B1E2ADB001F1CCA /* Operations.swift */,
				9DC4D7FB1B17D137007BDD94 /* Info.plist */,
			);
			name = "Supporting Files";
			sourceTree = "<group>";
		};
		9DC4D80F1B17D137007BDD94 /* MidTermCalculatorTests */ = {
			isa = PBXGroup;
			children = (
				9DC4D8121B17D137007BDD94 /* MidTermCalculatorTests.swift */,
				9DC4D8101B17D137007BDD94 /* Supporting Files */,
			);
			path = MidTermCalculatorTests;
			sourceTree = "<group>";
		};
		9DC4D8101B17D137007BDD94 /* Supporting Files */ = {
			isa = PBXGroup;
			children = (
				9DC4D8111B17D137007BDD94 /* Info.plist */,
			);
			name = "Supporting Files";
			sourceTree = "<group>";
		};
/* End PBXGroup section */

/* Begin PBXNativeTarget section */
		9DC4D7F61B17D137007BDD94 /* MidTermCalculator */ = {
			isa = PBXNativeTarget;
			buildConfigurationList = 9DC4D8161B17D137007BDD94 /* Build configuration list for PBXNativeTarget "MidTermCalculator" */;
			buildPhases = (
				9DC4D7F31B17D137007BDD94 /* Sources */,
				9DC4D7F41B17D137007BDD94 /* Frameworks */,
				9DC4D7F51B17D137007BDD94 /* Resources */,
			);
			buildRules = (
			);
			dependencies = (
			);
			name = MidTermCalculator;
			productName = MidTermCalculator;
			productReference = 9DC4D7F71B17D137007BDD94 /* MidTermCalculator.app */;
			productType = "com.apple.product-type.application";
		};
		9DC4D80B1B17D137007BDD94 /* MidTermCalculatorTests */ = {
			isa = PBXNativeTarget;
			buildConfigurationList = 9DC4D8191B17D137007BDD94 /* Build configuration list for PBXNativeTarget "MidTermCalculatorTests" */;
			buildPhases = (
				9DC4D8081B17D137007BDD94 /* Sources */,
				9DC4D8091B17D137007BDD94 /* Frameworks */,
				9DC4D80A1B17D137007BDD94 /* Resources */,
			);
			buildRules = (
			);
			dependencies = (
				9DC4D80E1B17D137007BDD94 /* PBXTargetDependency */,
			);
			name = MidTermCalculatorTests;
			productName = MidTermCalculatorTests;
			productReference = 9DC4D80C1B17D137007BDD94 /* MidTermCalculatorTests.xctest */;
			productType = "com.apple.product-type.bundle.unit-test";
		};
/* End PBXNativeTarget section */

/* Begin PBXProject section */
		9DC4D7EF1B17D137007BDD94 /* Project object */ = {
			isa = PBXProject;
			attributes = {
				LastUpgradeCheck = 0630;
				ORGANIZATIONNAME = "Sean Langton";
				TargetAttributes = {
					9DC4D7F61B17D137007BDD94 = {
						CreatedOnToolsVersion = 6.3.2;
					};
					9DC4D80B1B17D137007BDD94 = {
						CreatedOnToolsVersion = 6.3.2;
						TestTargetID = 9DC4D7F61B17D137007BDD94;
					};
				};
			};
			buildConfigurationList = 9DC4D7F21B17D137007BDD94 /* Build configuration list for PBXProject "MidTermCalculator" */;
			compatibilityVersion = "Xcode 3.2";
			developmentRegion = English;
			hasScannedForEncodings = 0;
			knownRegions = (
				en,
				Base,
			);
			mainGroup = 9DC4D7EE1B17D137007BDD94;
			productRefGroup = 9DC4D7F81B17D137007BDD94 /* Products */;
			projectDirPath = "";
			projectRoot = "";
			targets = (
				9DC4D7F61B17D137007BDD94 /* MidTermCalculator */,
				9DC4D80B1B17D137007BDD94 /* MidTermCalculatorTests */,
			);
		};
/* End PBXProject section */

/* Begin PBXResourcesBuildPhase section */
		9DC4D7F51B17D137007BDD94 /* Resources */ = {
			isa = PBXResourcesBuildPhase;
			buildActionMask = 2147483647;
			files = (
				9DC4D8021B17D137007BDD94 /* Main.storyboard in Resources */,
				9DC4D8071B17D137007BDD94 /* LaunchScreen.xib in Resources */,
				9DC4D8041B17D137007BDD94 /* Images.xcassets in Resources */,
			);
			runOnlyForDeploymentPostprocessing = 0;
		};
		9DC4D80A1B17D137007BDD94 /* Resources */ = {
			isa = PBXResourcesBuildPhase;
			buildActionMask = 2147483647;
			files = (
			);
			runOnlyForDeploymentPostprocessing = 0;
		};
/* End PBXResourcesBuildPhase section */

/* Begin PBXSourcesBuildPhase section */
		9DC4D7F31B17D137007BDD94 /* Sources */ = {
			isa = PBXSourcesBuildPhase;
			buildActionMask = 2147483647;
			files = (
				9D9A6F941B1E2ADB001F1CCA /* Operations.swift in Sources */,
				9DC4D7FF1B17D137007BDD94 /* ViewController.swift in Sources */,
				9DC4D7FD1B17D137007BDD94 /* AppDelegate.swift in Sources */,
			);
			runOnlyForDeploymentPostprocessing = 0;
		};
		9DC4D8081B17D137007BDD94 /* Sources */ = {
			isa = PBXSourcesBuildPhase;
			buildActionMask = 2147483647;
			files = (
				9DC4D8131B17D137007BDD94 /* MidTermCalculatorTests.swift in Sources */,
			);
			runOnlyForDeploymentPostprocessing = 0;
		};
/* End PBXSourcesBuildPhase section */

/* Begin PBXTargetDependency section */
		9DC4D80E1B17D137007BDD94 /* PBXTargetDependency */ = {
			isa = PBXTargetDependency;
			target = 9DC4D7F61B17D137007BDD94 /* MidTermCalculator */;
			targetProxy = 9DC4D80D1B17D137007BDD94 /* PBXContainerItemProxy */;
		};
/* End PBXTargetDependency section */

/* Begin PBXVariantGroup section */
		9DC4D8001B17D137007BDD94 /* Main.storyboard */ = {
			isa = PBXVariantGroup;
			children = (
				9DC4D8011B17D137007BDD94 /* Base */,
			);
			name = Main.storyboard;
			sourceTree = "<group>";
		};
		9DC4D8051B17D137007BDD94 /* LaunchScreen.xib */ = {
			isa = PBXVariantGroup;
			children = (
				9DC4D8061B17D137007BDD94 /* Base */,
			);
			name = LaunchScreen.xib;
			sourceTree = "<group>";
		};
/* End PBXVariantGroup section */

/* Begin XCBuildConfiguration section */
		9DC4D8141B17D137007BDD94 /* Debug */ = {
			isa = XCBuildConfiguration;
			buildSettings = {
				ALWAYS_SEARCH_USER_PATHS = NO;
				CLANG_CXX_LANGUAGE_STANDARD = "gnu++0x";
				CLANG_CXX_LIBRARY = "libc++";
				CLANG_ENABLE_MODULES = YES;
				CLANG_ENABLE_OBJC_ARC = YES;
				CLANG_WARN_BOOL_CONVERSION = YES;
				CLANG_WARN_CONSTANT_CONVERSION = YES;
				CLANG_WARN_DIRECT_OBJC_ISA_USAGE = YES_ERROR;
				CLANG_WARN_EMPTY_BODY = YES;
				CLANG_WARN_ENUM_CONVERSION = YES;
				CLANG_WARN_INT_CONVERSION = YES;
				CLANG_WARN_OBJC_ROOT_CLASS = YES_ERROR;
				CLANG_WARN_UNREACHABLE_CODE = YES;
				CLANG_WARN__DUPLICATE_METHOD_MATCH = YES;
				"CODE_SIGN_IDENTITY[sdk=iphoneos*]" = "iPhone Developer";
				COPY_PHASE_STRIP = NO;
				DEBUG_INFORMATION_FORMAT = "dwarf-with-dsym";
				ENABLE_STRICT_OBJC_MSGSEND = YES;
				GCC_C_LANGUAGE_STANDARD = gnu99;
				GCC_DYNAMIC_NO_PIC = NO;
				GCC_NO_COMMON_BLOCKS = YES;
				GCC_OPTIMIZATION_LEVEL = 0;
				GCC_PREPROCESSOR_DEFINITIONS = (
					"DEBUG=1",
					"$(inherited)",
				);
				GCC_SYMBOLS_PRIVATE_EXTERN = NO;
				GCC_WARN_64_TO_32_BIT_CONVERSION = YES;
				GCC_WARN_ABOUT_RETURN_TYPE = YES_ERROR;
				GCC_WARN_UNDECLARED_SELECTOR = YES;
				GCC_WARN_UNINITIALIZED_AUTOS = YES_AGGRESSIVE;
				GCC_WARN_UNUSED_FUNCTION = YES;
				GCC_WARN_UNUSED_VARIABLE = YES;
				IPHONEOS_DEPLOYMENT_TARGET = 8.3;
				MTL_ENABLE_DEBUG_INFO = YES;
				ONLY_ACTIVE_ARCH = YES;
				SDKROOT = iphoneos;
				SWIFT_OPTIMIZATION_LEVEL = "-Onone";
			};
			name = Debug;
		};
		9DC4D8151B17D137007BDD94 /* Release */ = {
			isa = XCBuildConfiguration;
			buildSettings = {
				ALWAYS_SEARCH_USER_PATHS = NO;
				CLANG_CXX_LANGUAGE_STANDARD = "gnu++0x";
				CLANG_CXX_LIBRARY = "libc++";
				CLANG_ENABLE_MODULES = YES;
				CLANG_ENABLE_OBJC_ARC = YES;
				CLANG_WARN_BOOL_CONVERSION = YES;
				CLANG_WARN_CONSTANT_CONVERSION = YES;
				CLANG_WARN_DIRECT_OBJC_ISA_USAGE = YES_ERROR;
				CLANG_WARN_EMPTY_BODY = YES;
				CLANG_WARN_ENUM_CONVERSION = YES;
				CLANG_WARN_INT_CONVERSION = YES;
				CLANG_WARN_OBJC_ROOT_CLASS = YES_ERROR;
				CLANG_WARN_UNREACHABLE_CODE = YES;
				CLANG_WARN__DUPLICATE_METHOD_MATCH = YES;
				"CODE_SIGN_IDENTITY[sdk=iphoneos*]" = "iPhone Developer";
				COPY_PHASE_STRIP = NO;
				DEBUG_INFORMATION_FORMAT = "dwarf-with-dsym";
				ENABLE_NS_ASSERTIONS = NO;
				ENABLE_STRICT_OBJC_MSGSEND = YES;
				GCC_C_LANGUAGE_STANDARD = gnu99;
				GCC_NO_COMMON_BLOCKS = YES;
				GCC_WARN_64_TO_32_BIT_CONVERSION = YES;
				GCC_WARN_ABOUT_RETURN_TYPE = YES_ERROR;
				GCC_WARN_UNDECLARED_SELECTOR = YES;
				GCC_WARN_UNINITIALIZED_AUTOS = YES_AGGRESSIVE;
				GCC_WARN_UNUSED_FUNCTION = YES;
				GCC_WARN_UNUSED_VARIABLE = YES;
				IPHONEOS_DEPLOYMENT_TARGET = 8.3;
				MTL_ENABLE_DEBUG_INFO = NO;
				SDKROOT = iphoneos;
				VALIDATE_PRODUCT = YES;
			};
			name = Release;
		};
		9DC4D8171B17D137007BDD94 /* Debug */ = {
			isa = XCBuildConfiguration;
			buildSettings = {
				ASSETCATALOG_COMPILER_APPICON_NAME = AppIcon;
				INFOPLIST_FILE = MidTermCalculator/Info.plist;
				LD_RUNPATH_SEARCH_PATHS = "$(inherited) @executable_path/Frameworks";
				PRODUCT_NAME = "$(TARGET_NAME)";
			};
			name = Debug;
		};
		9DC4D8181B17D137007BDD94 /* Release */ = {
			isa = XCBuildConfiguration;
			buildSettings = {
				ASSETCATALOG_COMPILER_APPICON_NAME = AppIcon;
				INFOPLIST_FILE = MidTermCalculator/Info.plist;
				LD_RUNPATH_SEARCH_PATHS = "$(inherited) @executable_path/Frameworks";
				PRODUCT_NAME = "$(TARGET_NAME)";
			};
			name = Release;
		};
		9DC4D81A1B17D137007BDD94 /* Debug */ = {
			isa = XCBuildConfiguration;
			buildSettings = {
				BUNDLE_LOADER = "$(TEST_HOST)";
				FRAMEWORK_SEARCH_PATHS = (
					"$(SDKROOT)/Developer/Library/Frameworks",
					"$(inherited)",
				);
				GCC_PREPROCESSOR_DEFINITIONS = (
					"DEBUG=1",
					"$(inherited)",
				);
				INFOPLIST_FILE = MidTermCalculatorTests/Info.plist;
				LD_RUNPATH_SEARCH_PATHS = "$(inherited) @executable_path/Frameworks @loader_path/Frameworks";
				PRODUCT_NAME = "$(TARGET_NAME)";
				TEST_HOST = "$(BUILT_PRODUCTS_DIR)/MidTermCalculator.app/MidTermCalculator";
			};
			name = Debug;
		};
		9DC4D81B1B17D137007BDD94 /* Release */ = {
			isa = XCBuildConfiguration;
			buildSettings = {
				BUNDLE_LOADER = "$(TEST_HOST)";
				FRAMEWORK_SEARCH_PATHS = (
					"$(SDKROOT)/Developer/Library/Frameworks",
					"$(inherited)",
				);
				INFOPLIST_FILE = MidTermCalculatorTests/Info.plist;
				LD_RUNPATH_SEARCH_PATHS = "$(inherited) @executable_path/Frameworks @loader_path/Frameworks";
				PRODUCT_NAME = "$(TARGET_NAME)";
				TEST_HOST = "$(BUILT_PRODUCTS_DIR)/MidTermCalculator.app/MidTermCalculator";
			};
			name = Release;
		};
/* End XCBuildConfiguration section */

/* Begin XCConfigurationList section */
		9DC4D7F21B17D137007BDD94 /* Build configuration list for PBXProject "MidTermCalculator" */ = {
			isa = XCConfigurationList;
			buildConfigurations = (
				9DC4D8141B17D137007BDD94 /* Debug */,
				9DC4D8151B17D137007BDD94 /* Release */,
			);
			defaultConfigurationIsVisible = 0;
			defaultConfigurationName = Release;
		};
		9DC4D8161B17D137007BDD94 /* Build configuration list for PBXNativeTarget "MidTermCalculator" */ = {
			isa = XCConfigurationList;
			buildConfigurations = (
				9DC4D8171B17D137007BDD94 /* Debug */,
				9DC4D8181B17D137007BDD94 /* Release */,
			);
			defaultConfigurationIsVisible = 0;
			defaultConfigurationName = Release;
		};
		9DC4D8191B17D137007BDD94 /* Build configuration list for PBXNativeTarget "MidTermCalculatorTests" */ = {
			isa = XCConfigurationList;
			buildConfigurations = (
				9DC4D81A1B17D137007BDD94 /* Debug */,
				9DC4D81B1B17D137007BDD94 /* Release */,
			);
			defaultConfigurationIsVisible = 0;
			defaultConfigurationName = Release;
		};
/* End XCConfigurationList section */
	};
	rootObject = 9DC4D7EF1B17D137007BDD94 /* Project object */;
}
